
Microsoft Visual Studio Solution File, Format Version 12.00
# Visual Studio 14
VisualStudioVersion = 14.0.24720.0
MinimumVisualStudioVersion = 10.0.40219.1
Project("{FAE04EC0-301F-11D3-BF4B-00C04F79EFBC}") = "GeneralService", "GeneralService\GeneralService.csproj", "{C818B8B8-2C44-4C6B-941C-B697FE8FFF31}"
EndProject
Project("{FAE04EC0-301F-11D3-BF4B-00C04F79EFBC}") = "Server", "Server\Server.csproj", "{4C87BFDF-5BAF-45AB-8802-CADBFBDBF184}"
EndProject
Project("{FAE04EC0-301F-11D3-BF4B-00C04F79EFBC}") = "Types", "Types\Types.csproj", "{3104F187-4E5B-444B-92EE-8EA4A17ECE82}"
EndProject
Project("{FAE04EC0-301F-11D3-BF4B-00C04F79EFBC}") = "GameService", "GameService\GameService.csproj", "{2BCDDC88-00E2-46F6-BE1A-B69A3E0FD98D}"
EndProject
Project("{FAE04EC0-301F-11D3-BF4B-00C04F79EFBC}") = "Client", "Battleship\Client.csproj", "{5C2E408A-7840-4547-88F5-6FCC6A7BFC40}"
EndProject
Project("{FAE04EC0-301F-11D3-BF4B-00C04F79EFBC}") = "Game", "Game\Game.csproj", "{1F97C08D-E9A5-4281-90EF-1BE2ACFEC9E9}"
EndProject
Project("{FAE04EC0-301F-11D3-BF4B-00C04F79EFBC}") = "GameData", "GameData\GameData.csproj", "{F1EA39D0-B7AA-4449-850E-710654B6EF13}"
EndProject
Project("{FAE04EC0-301F-11D3-BF4B-00C04F79EFBC}") = "SecurityTokenService", "SecurityTokenService\SecurityTokenService.csproj", "{A0AEEDC7-1CEC-4CE8-A758-D9D8854F597E}"
EndProject
Global
	GlobalSection(SolutionConfigurationPlatforms) = preSolution
		Debug|Any CPU = Debug|Any CPU
		Debug|x86 = Debug|x86
		Release|Any CPU = Release|Any CPU
		Release|x86 = Release|x86
	EndGlobalSection
	GlobalSection(ProjectConfigurationPlatforms) = postSolution
		{C818B8B8-2C44-4C6B-941C-B697FE8FFF31}.Debug|Any CPU.ActiveCfg = Debug|Any CPU
		{C818B8B8-2C44-4C6B-941C-B697FE8FFF31}.Debug|Any CPU.Build.0 = Debug|Any CPU
		{C818B8B8-2C44-4C6B-941C-B697FE8FFF31}.Debug|x86.ActiveCfg = Debug|Any CPU
		{C818B8B8-2C44-4C6B-941C-B697FE8FFF31}.Debug|x86.Build.0 = Debug|Any CPU
		{C818B8B8-2C44-4C6B-941C-B697FE8FFF31}.Release|Any CPU.ActiveCfg = Release|Any CPU
		{C818B8B8-2C44-4C6B-941C-B697FE8FFF31}.Release|Any CPU.Build.0 = Release|Any CPU
		{C818B8B8-2C44-4C6B-941C-B697FE8FFF31}.Release|x86.ActiveCfg = Release|Any CPU
		{C818B8B8-2C44-4C6B-941C-B697FE8FFF31}.Release|x86.Build.0 = Release|Any CPU
		{4C87BFDF-5BAF-45AB-8802-CADBFBDBF184}.Debug|Any CPU.ActiveCfg = Debug|Any CPU
		{4C87BFDF-5BAF-45AB-8802-CADBFBDBF184}.Debug|Any CPU.Build.0 = Debug|Any CPU
		{4C87BFDF-5BAF-45AB-8802-CADBFBDBF184}.Debug|x86.ActiveCfg = Debug|Any CPU
		{4C87BFDF-5BAF-45AB-8802-CADBFBDBF184}.Debug|x86.Build.0 = Debug|Any CPU
		{4C87BFDF-5BAF-45AB-8802-CADBFBDBF184}.Release|Any CPU.ActiveCfg = Release|Any CPU
		{4C87BFDF-5BAF-45AB-8802-CADBFBDBF184}.Release|Any CPU.Build.0 = Release|Any CPU
		{4C87BFDF-5BAF-45AB-8802-CADBFBDBF184}.Release|x86.ActiveCfg = Release|Any CPU
		{4C87BFDF-5BAF-45AB-8802-CADBFBDBF184}.Release|x86.Build.0 = Release|Any CPU
		{3104F187-4E5B-444B-92EE-8EA4A17ECE82}.Debug|Any CPU.ActiveCfg = Debug|Any CPU
		{3104F187-4E5B-444B-92EE-8EA4A17ECE82}.Debug|Any CPU.Build.0 = Debug|Any CPU
		{3104F187-4E5B-444B-92EE-8EA4A17ECE82}.Debug|x86.ActiveCfg = Debug|Any CPU
		{3104F187-4E5B-444B-92EE-8EA4A17ECE82}.Debug|x86.Build.0 = Debug|Any CPU
		{3104F187-4E5B-444B-92EE-8EA4A17ECE82}.Release|Any CPU.ActiveCfg = Release|Any CPU
		{3104F187-4E5B-444B-92EE-8EA4A17ECE82}.Release|Any CPU.Build.0 = Release|Any CPU
		{3104F187-4E5B-444B-92EE-8EA4A17ECE82}.Release|x86.ActiveCfg = Release|Any CPU
		{3104F187-4E5B-444B-92EE-8EA4A17ECE82}.Release|x86.Build.0 = Release|Any CPU
		{2BCDDC88-00E2-46F6-BE1A-B69A3E0FD98D}.Debug|Any CPU.ActiveCfg = Debug|Any CPU
		{2BCDDC88-00E2-46F6-BE1A-B69A3E0FD98D}.Debug|Any CPU.Build.0 = Debug|Any CPU
		{2BCDDC88-00E2-46F6-BE1A-B69A3E0FD98D}.Debug|x86.ActiveCfg = Debug|Any CPU
		{2BCDDC88-00E2-46F6-BE1A-B69A3E0FD98D}.Debug|x86.Build.0 = Debug|Any CPU
		{2BCDDC88-00E2-46F6-BE1A-B69A3E0FD98D}.Release|Any CPU.ActiveCfg = Release|Any CPU
		{2BCDDC88-00E2-46F6-BE1A-B69A3E0FD98D}.Release|Any CPU.Build.0 = Release|Any CPU
		{2BCDDC88-00E2-46F6-BE1A-B69A3E0FD98D}.Release|x86.ActiveCfg = Release|Any CPU
		{2BCDDC88-00E2-46F6-BE1A-B69A3E0FD98D}.Release|x86.Build.0 = Release|Any CPU
		{5C2E408A-7840-4547-88F5-6FCC6A7BFC40}.Debug|Any CPU.ActiveCfg = Debug|x86
		{5C2E408A-7840-4547-88F5-6FCC6A7BFC40}.Debug|Any CPU.Build.0 = Debug|x86
		{5C2E408A-7840-4547-88F5-6FCC6A7BFC40}.Debug|x86.ActiveCfg = Debug|x86
		{5C2E408A-7840-4547-88F5-6FCC6A7BFC40}.Debug|x86.Build.0 = Debug|x86
		{5C2E408A-7840-4547-88F5-6FCC6A7BFC40}.Release|Any CPU.ActiveCfg = Release|x86
		{5C2E408A-7840-4547-88F5-6FCC6A7BFC40}.Release|x86.ActiveCfg = Release|x86
		{5C2E408A-7840-4547-88F5-6FCC6A7BFC40}.Release|x86.Build.0 = Release|x86
		{1F97C08D-E9A5-4281-90EF-1BE2ACFEC9E9}.Debug|Any CPU.ActiveCfg = Debug|Any CPU
		{1F97C08D-E9A5-4281-90EF-1BE2ACFEC9E9}.Debug|Any CPU.Build.0 = Debug|Any CPU
		{1F97C08D-E9A5-4281-90EF-1BE2ACFEC9E9}.Debug|x86.ActiveCfg = Debug|Any CPU
		{1F97C08D-E9A5-4281-90EF-1BE2ACFEC9E9}.Debug|x86.Build.0 = Debug|Any CPU
		{1F97C08D-E9A5-4281-90EF-1BE2ACFEC9E9}.Release|Any CPU.ActiveCfg = Release|Any CPU
		{1F97C08D-E9A5-4281-90EF-1BE2ACFEC9E9}.Release|Any CPU.Build.0 = Release|Any CPU
		{1F97C08D-E9A5-4281-90EF-1BE2ACFEC9E9}.Release|x86.ActiveCfg = Release|Any CPU
		{1F97C08D-E9A5-4281-90EF-1BE2ACFEC9E9}.Release|x86.Build.0 = Release|Any CPU
		{F1EA39D0-B7AA-4449-850E-710654B6EF13}.Debug|Any CPU.ActiveCfg = Debug|Any CPU
		{F1EA39D0-B7AA-4449-850E-710654B6EF13}.Debug|Any CPU.Build.0 = Debug|Any CPU
		{F1EA39D0-B7AA-4449-850E-710654B6EF13}.Debug|x86.ActiveCfg = Debug|Any CPU
		{F1EA39D0-B7AA-4449-850E-710654B6EF13}.Debug|x86.Build.0 = Debug|Any CPU
		{F1EA39D0-B7AA-4449-850E-710654B6EF13}.Release|Any CPU.ActiveCfg = Release|Any CPU
		{F1EA39D0-B7AA-4449-850E-710654B6EF13}.Release|Any CPU.Build.0 = Release|Any CPU
		{F1EA39D0-B7AA-4449-850E-710654B6EF13}.Release|x86.ActiveCfg = Release|Any CPU
		{F1EA39D0-B7AA-4449-850E-710654B6EF13}.Release|x86.Build.0 = Release|Any CPU
		{A0AEEDC7-1CEC-4CE8-A758-D9D8854F597E}.Debug|Any CPU.ActiveCfg = Debug|Any CPU
		{A0AEEDC7-1CEC-4CE8-A758-D9D8854F597E}.Debug|Any CPU.Build.0 = Debug|Any CPU
		{A0AEEDC7-1CEC-4CE8-A758-D9D8854F597E}.Debug|x86.ActiveCfg = Debug|Any CPU
		{A0AEEDC7-1CEC-4CE8-A758-D9D8854F597E}.Debug|x86.Build.0 = Debug|Any CPU
		{A0AEEDC7-1CEC-4CE8-A758-D9D8854F597E}.Release|Any CPU.ActiveCfg = Release|Any CPU
		{A0AEEDC7-1CEC-4CE8-A758-D9D8854F597E}.Release|Any CPU.Build.0 = Release|Any CPU
		{A0AEEDC7-1CEC-4CE8-A758-D9D8854F597E}.Release|x86.ActiveCfg = Release|Any CPU
		{A0AEEDC7-1CEC-4CE8-A758-D9D8854F597E}.Release|x86.Build.0 = Release|Any CPU
	EndGlobalSection
	GlobalSection(SolutionProperties) = preSolution
		HideSolutionNode = FALSE
	EndGlobalSection
EndGlobal
